
Microsoft Visual Studio Solution File, Format Version 12.00
# Visual Studio Version 17
VisualStudioVersion = 17.10.35027.167
MinimumVisualStudioVersion = 10.0.40219.1
Project("{FAE04EC0-301F-11D3-BF4B-00C04F79EFBC}") = "CQRSTemplate", "CQRSTemplate\CQRSTemplate.csproj", "{1A624935-3E8E-422C-AD45-22B5B1322CE6}"
EndProject
Global
	GlobalSection(SolutionConfigurationPlatforms) = preSolution
		Debug|Any CPU = Debug|Any CPU
		Release|Any CPU = Release|Any CPU
	EndGlobalSection
	GlobalSection(ProjectConfigurationPlatforms) = postSolution
		{1A624935-3E8E-422C-AD45-22B5B1322CE6}.Debug|Any CPU.ActiveCfg = Debug|Any CPU
		{1A624935-3E8E-422C-AD45-22B5B1322CE6}.Debug|Any CPU.Build.0 = Debug|Any CPU
		{1A624935-3E8E-422C-AD45-22B5B1322CE6}.Release|Any CPU.ActiveCfg = Release|Any CPU
		{1A624935-3E8E-422C-AD45-22B5B1322CE6}.Release|Any CPU.Build.0 = Release|Any CPU
	EndGlobalSection
	GlobalSection(SolutionProperties) = preSolution
		HideSolutionNode = FALSE
	EndGlobalSection
	GlobalSection(ExtensibilityGlobals) = postSolution
		SolutionGuid = {6BA2F77D-277A-4217-9071-5C20DC85AE34}
	EndGlobalSection
EndGlobal
